
Microsoft Visual Studio Solution File, Format Version 12.00
# Visual Studio Version 16
VisualStudioVersion = 16.0.32929.386
MinimumVisualStudioVersion = 10.0.40219.1
Project("{9A19103F-16F7-4668-BE54-9A1E7A4F7556}") = "aspnetcoremvc", "aspnetcoremvc.csproj", "{7F29F8D2-2BA1-4444-B7EA-835FDAF4EBD0}"
EndProject
Project("{9A19103F-16F7-4668-BE54-9A1E7A4F7556}") = "aspnetcoreempty", "..\aspnetcoreempty\aspnetcoreempty.csproj", "{EE308277-FE01-4E33-8401-C90C3DF82F4D}"
EndProject
Project("{2150E333-8FDC-42A3-9474-1A3956D46DE8}") = "Solution Items", "Solution Items", "{33522C0A-1D62-4DA3-88F9-036968ED2807}"
	ProjectSection(SolutionItems) = preProject
		.editorconfig = .editorconfig
	EndProjectSection
EndProject
Global
	GlobalSection(SolutionConfigurationPlatforms) = preSolution
		Debug|Any CPU = Debug|Any CPU
		Release|Any CPU = Release|Any CPU
	EndGlobalSection
	GlobalSection(ProjectConfigurationPlatforms) = postSolution
		{7F29F8D2-2BA1-4444-B7EA-835FDAF4EBD0}.Debug|Any CPU.ActiveCfg = Debug|Any CPU
		{7F29F8D2-2BA1-4444-B7EA-835FDAF4EBD0}.Debug|Any CPU.Build.0 = Debug|Any CPU
		{7F29F8D2-2BA1-4444-B7EA-835FDAF4EBD0}.Release|Any CPU.ActiveCfg = Release|Any CPU
		{7F29F8D2-2BA1-4444-B7EA-835FDAF4EBD0}.Release|Any CPU.Build.0 = Release|Any CPU
		{EE308277-FE01-4E33-8401-C90C3DF82F4D}.Debug|Any CPU.ActiveCfg = Debug|Any CPU
		{EE308277-FE01-4E33-8401-C90C3DF82F4D}.Debug|Any CPU.Build.0 = Debug|Any CPU
		{EE308277-FE01-4E33-8401-C90C3DF82F4D}.Release|Any CPU.ActiveCfg = Release|Any CPU
		{EE308277-FE01-4E33-8401-C90C3DF82F4D}.Release|Any CPU.Build.0 = Release|Any CPU
	EndGlobalSection
	GlobalSection(SolutionProperties) = preSolution
		HideSolutionNode = FALSE
	EndGlobalSection
	GlobalSection(ExtensibilityGlobals) = postSolution
		SolutionGuid = {2CEA1A55-5547-4306-8460-7E7208B28B52}
	EndGlobalSection
EndGlobal
